// !$*UTF8*$!
{
	archiveVersion = 1;
	classes = {
	};
	objectVersion = 46;
	objects = {

/* Begin PBXBuildFile section */
		5408B004DF3484F2AE385D3C /* libPods-ImageDownloaderUITests.a in Frameworks */ = {isa = PBXBuildFile; fileRef = AF0BEA9A7B808350A448AD76 /* libPods-ImageDownloaderUITests.a */; };
		B7836CA901229E6F1ACF437B /* libPods-ImageDownloaderTests.a in Frameworks */ = {isa = PBXBuildFile; fileRef = F2D109BB2F67E45BA32861FF /* libPods-ImageDownloaderTests.a */; };
		CF00F22A1EB37C6900E1C3B1 /* main.m in Sources */ = {isa = PBXBuildFile; fileRef = CF00F2291EB37C6900E1C3B1 /* main.m */; };
		CF00F22D1EB37C6900E1C3B1 /* AppDelegate.m in Sources */ = {isa = PBXBuildFile; fileRef = CF00F22C1EB37C6900E1C3B1 /* AppDelegate.m */; };
		CF00F2301EB37C6900E1C3B1 /* ViewController.m in Sources */ = {isa = PBXBuildFile; fileRef = CF00F22F1EB37C6900E1C3B1 /* ViewController.m */; };
		CF00F2331EB37C6900E1C3B1 /* Main.storyboard in Resources */ = {isa = PBXBuildFile; fileRef = CF00F2311EB37C6900E1C3B1 /* Main.storyboard */; };
		CF00F2361EB37C6900E1C3B1 /* ImageDownloader.xcdatamodeld in Sources */ = {isa = PBXBuildFile; fileRef = CF00F2341EB37C6900E1C3B1 /* ImageDownloader.xcdatamodeld */; };
		CF00F2381EB37C6900E1C3B1 /* Assets.xcassets in Resources */ = {isa = PBXBuildFile; fileRef = CF00F2371EB37C6900E1C3B1 /* Assets.xcassets */; };
		CF00F23B1EB37C6900E1C3B1 /* LaunchScreen.storyboard in Resources */ = {isa = PBXBuildFile; fileRef = CF00F2391EB37C6900E1C3B1 /* LaunchScreen.storyboard */; };
		CF00F2461EB37C6A00E1C3B1 /* ImageDownloaderTests.m in Sources */ = {isa = PBXBuildFile; fileRef = CF00F2451EB37C6A00E1C3B1 /* ImageDownloaderTests.m */; };
		CF00F2511EB37C6A00E1C3B1 /* ImageDownloaderUITests.m in Sources */ = {isa = PBXBuildFile; fileRef = CF00F2501EB37C6A00E1C3B1 /* ImageDownloaderUITests.m */; };
		CF219E571EB3977900AB1471 /* ImageFolderModel.m in Sources */ = {isa = PBXBuildFile; fileRef = CF219E561EB3977900AB1471 /* ImageFolderModel.m */; };
		CF219E5A1EB39FF100AB1471 /* ImageModel.m in Sources */ = {isa = PBXBuildFile; fileRef = CF219E591EB39FF100AB1471 /* ImageModel.m */; };
		CF219E5D1EB3A4D700AB1471 /* ImageDownloader.m in Sources */ = {isa = PBXBuildFile; fileRef = CF219E5C1EB3A4D700AB1471 /* ImageDownloader.m */; };
		CF219E631EB49E5B00AB1471 /* ImageOperationQueue.m in Sources */ = {isa = PBXBuildFile; fileRef = CF219E621EB49E5B00AB1471 /* ImageOperationQueue.m */; };
		CF219E691EB4ABF200AB1471 /* ImageFolderOperation.m in Sources */ = {isa = PBXBuildFile; fileRef = CF219E681EB4ABF200AB1471 /* ImageFolderOperation.m */; };
		CF219E701EB4F48900AB1471 /* NSURLSession+Synchronous.m in Sources */ = {isa = PBXBuildFile; fileRef = CF219E6F1EB4F48900AB1471 /* NSURLSession+Synchronous.m */; };
		CFABFF4F1EB3848C00551D78 /* ImageManager.m in Sources */ = {isa = PBXBuildFile; fileRef = CFABFF4E1EB3848C00551D78 /* ImageManager.m */; };
		F1123E6EDA918CD2B3D2B5FA /* libPods-ImageDownloader.a in Frameworks */ = {isa = PBXBuildFile; fileRef = 7A5257D873AAED567C7EF017 /* libPods-ImageDownloader.a */; };
/* End PBXBuildFile section */

/* Begin PBXContainerItemProxy section */
		CF00F2421EB37C6A00E1C3B1 /* PBXContainerItemProxy */ = {
			isa = PBXContainerItemProxy;
			containerPortal = CF00F21D1EB37C6900E1C3B1 /* Project object */;
			proxyType = 1;
			remoteGlobalIDString = CF00F2241EB37C6900E1C3B1;
			remoteInfo = ImageDownloader;
		};
		CF00F24D1EB37C6A00E1C3B1 /* PBXContainerItemProxy */ = {
			isa = PBXContainerItemProxy;
			containerPortal = CF00F21D1EB37C6900E1C3B1 /* Project object */;
			proxyType = 1;
			remoteGlobalIDString = CF00F2241EB37C6900E1C3B1;
			remoteInfo = ImageDownloader;
		};
/* End PBXContainerItemProxy section */

/* Begin PBXFileReference section */
		0CA904695D8CD8EFB36ABCBD /* Pods-ImageDownloaderTests.debug.xcconfig */ = {isa = PBXFileReference; includeInIndex = 1; lastKnownFileType = text.xcconfig; name = "Pods-ImageDownloaderTests.debug.xcconfig"; path = "Pods/Target Support Files/Pods-ImageDownloaderTests/Pods-ImageDownloaderTests.debug.xcconfig"; sourceTree = "<group>"; };
		53A340A0DCF77033191519AB /* Pods-ImageDownloaderTests.release.xcconfig */ = {isa = PBXFileReference; includeInIndex = 1; lastKnownFileType = text.xcconfig; name = "Pods-ImageDownloaderTests.release.xcconfig"; path = "Pods/Target Support Files/Pods-ImageDownloaderTests/Pods-ImageDownloaderTests.release.xcconfig"; sourceTree = "<group>"; };
		7A5257D873AAED567C7EF017 /* libPods-ImageDownloader.a */ = {isa = PBXFileReference; explicitFileType = archive.ar; includeInIndex = 0; path = "libPods-ImageDownloader.a"; sourceTree = BUILT_PRODUCTS_DIR; };
		7CEAD8EA4060CAC24D4604C6 /* Pods-ImageDownloader.release.xcconfig */ = {isa = PBXFileReference; includeInIndex = 1; lastKnownFileType = text.xcconfig; name = "Pods-ImageDownloader.release.xcconfig"; path = "Pods/Target Support Files/Pods-ImageDownloader/Pods-ImageDownloader.release.xcconfig"; sourceTree = "<group>"; };
		AF0BEA9A7B808350A448AD76 /* libPods-ImageDownloaderUITests.a */ = {isa = PBXFileReference; explicitFileType = archive.ar; includeInIndex = 0; path = "libPods-ImageDownloaderUITests.a"; sourceTree = BUILT_PRODUCTS_DIR; };
		CF00F2251EB37C6900E1C3B1 /* ImageDownloader.app */ = {isa = PBXFileReference; explicitFileType = wrapper.application; includeInIndex = 0; path = ImageDownloader.app; sourceTree = BUILT_PRODUCTS_DIR; };
		CF00F2291EB37C6900E1C3B1 /* main.m */ = {isa = PBXFileReference; lastKnownFileType = sourcecode.c.objc; path = main.m; sourceTree = "<group>"; };
		CF00F22B1EB37C6900E1C3B1 /* AppDelegate.h */ = {isa = PBXFileReference; lastKnownFileType = sourcecode.c.h; path = AppDelegate.h; sourceTree = "<group>"; };
		CF00F22C1EB37C6900E1C3B1 /* AppDelegate.m */ = {isa = PBXFileReference; lastKnownFileType = sourcecode.c.objc; path = AppDelegate.m; sourceTree = "<group>"; };
		CF00F22E1EB37C6900E1C3B1 /* ViewController.h */ = {isa = PBXFileReference; lastKnownFileType = sourcecode.c.h; path = ViewController.h; sourceTree = "<group>"; };
		CF00F22F1EB37C6900E1C3B1 /* ViewController.m */ = {isa = PBXFileReference; lastKnownFileType = sourcecode.c.objc; path = ViewController.m; sourceTree = "<group>"; };
		CF00F2321EB37C6900E1C3B1 /* Base */ = {isa = PBXFileReference; lastKnownFileType = file.storyboard; name = Base; path = Base.lproj/Main.storyboard; sourceTree = "<group>"; };
		CF00F2351EB37C6900E1C3B1 /* ImageDownloader.xcdatamodel */ = {isa = PBXFileReference; lastKnownFileType = wrapper.xcdatamodel; path = ImageDownloader.xcdatamodel; sourceTree = "<group>"; };
		CF00F2371EB37C6900E1C3B1 /* Assets.xcassets */ = {isa = PBXFileReference; lastKnownFileType = folder.assetcatalog; path = Assets.xcassets; sourceTree = "<group>"; };
		CF00F23A1EB37C6900E1C3B1 /* Base */ = {isa = PBXFileReference; lastKnownFileType = file.storyboard; name = Base; path = Base.lproj/LaunchScreen.storyboard; sourceTree = "<group>"; };
		CF00F23C1EB37C6900E1C3B1 /* Info.plist */ = {isa = PBXFileReference; lastKnownFileType = text.plist.xml; path = Info.plist; sourceTree = "<group>"; };
		CF00F2411EB37C6A00E1C3B1 /* ImageDownloaderTests.xctest */ = {isa = PBXFileReference; explicitFileType = wrapper.cfbundle; includeInIndex = 0; path = ImageDownloaderTests.xctest; sourceTree = BUILT_PRODUCTS_DIR; };
		CF00F2451EB37C6A00E1C3B1 /* ImageDownloaderTests.m */ = {isa = PBXFileReference; lastKnownFileType = sourcecode.c.objc; path = ImageDownloaderTests.m; sourceTree = "<group>"; };
		CF00F2471EB37C6A00E1C3B1 /* Info.plist */ = {isa = PBXFileReference; lastKnownFileType = text.plist.xml; path = Info.plist; sourceTree = "<group>"; };
		CF00F24C1EB37C6A00E1C3B1 /* ImageDownloaderUITests.xctest */ = {isa = PBXFileReference; explicitFileType = wrapper.cfbundle; includeInIndex = 0; path = ImageDownloaderUITests.xctest; sourceTree = BUILT_PRODUCTS_DIR; };
		CF00F2501EB37C6A00E1C3B1 /* ImageDownloaderUITests.m */ = {isa = PBXFileReference; lastKnownFileType = sourcecode.c.objc; path = ImageDownloaderUITests.m; sourceTree = "<group>"; };
		CF00F2521EB37C6A00E1C3B1 /* Info.plist */ = {isa = PBXFileReference; lastKnownFileType = text.plist.xml; path = Info.plist; sourceTree = "<group>"; };
		CF219E551EB3977900AB1471 /* ImageFolderModel.h */ = {isa = PBXFileReference; fileEncoding = 4; lastKnownFileType = sourcecode.c.h; path = ImageFolderModel.h; sourceTree = "<group>"; };
		CF219E561EB3977900AB1471 /* ImageFolderModel.m */ = {isa = PBXFileReference; fileEncoding = 4; lastKnownFileType = sourcecode.c.objc; path = ImageFolderModel.m; sourceTree = "<group>"; };
		CF219E581EB39FF100AB1471 /* ImageModel.h */ = {isa = PBXFileReference; fileEncoding = 4; lastKnownFileType = sourcecode.c.h; path = ImageModel.h; sourceTree = "<group>"; };
		CF219E591EB39FF100AB1471 /* ImageModel.m */ = {isa = PBXFileReference; fileEncoding = 4; lastKnownFileType = sourcecode.c.objc; path = ImageModel.m; sourceTree = "<group>"; };
		CF219E5B1EB3A4D700AB1471 /* ImageDownloader.h */ = {isa = PBXFileReference; fileEncoding = 4; lastKnownFileType = sourcecode.c.h; path = ImageDownloader.h; sourceTree = "<group>"; };
		CF219E5C1EB3A4D700AB1471 /* ImageDownloader.m */ = {isa = PBXFileReference; fileEncoding = 4; lastKnownFileType = sourcecode.c.objc; path = ImageDownloader.m; sourceTree = "<group>"; };
		CF219E611EB49E5B00AB1471 /* ImageOperationQueue.h */ = {isa = PBXFileReference; fileEncoding = 4; lastKnownFileType = sourcecode.c.h; path = ImageOperationQueue.h; sourceTree = "<group>"; };
		CF219E621EB49E5B00AB1471 /* ImageOperationQueue.m */ = {isa = PBXFileReference; fileEncoding = 4; lastKnownFileType = sourcecode.c.objc; path = ImageOperationQueue.m; sourceTree = "<group>"; };
		CF219E671EB4ABF200AB1471 /* ImageFolderOperation.h */ = {isa = PBXFileReference; fileEncoding = 4; lastKnownFileType = sourcecode.c.h; path = ImageFolderOperation.h; sourceTree = "<group>"; };
		CF219E681EB4ABF200AB1471 /* ImageFolderOperation.m */ = {isa = PBXFileReference; fileEncoding = 4; lastKnownFileType = sourcecode.c.objc; path = ImageFolderOperation.m; sourceTree = "<group>"; };
		CF219E6E1EB4F48900AB1471 /* NSURLSession+Synchronous.h */ = {isa = PBXFileReference; fileEncoding = 4; lastKnownFileType = sourcecode.c.h; path = "NSURLSession+Synchronous.h"; sourceTree = "<group>"; };
		CF219E6F1EB4F48900AB1471 /* NSURLSession+Synchronous.m */ = {isa = PBXFileReference; fileEncoding = 4; lastKnownFileType = sourcecode.c.objc; path = "NSURLSession+Synchronous.m"; sourceTree = "<group>"; };
		CFABFF4D1EB3848C00551D78 /* ImageManager.h */ = {isa = PBXFileReference; fileEncoding = 4; lastKnownFileType = sourcecode.c.h; path = ImageManager.h; sourceTree = "<group>"; };
		CFABFF4E1EB3848C00551D78 /* ImageManager.m */ = {isa = PBXFileReference; fileEncoding = 4; lastKnownFileType = sourcecode.c.objc; path = ImageManager.m; sourceTree = "<group>"; };
		D0CF422289C2599DDC953EB9 /* Pods-ImageDownloaderUITests.release.xcconfig */ = {isa = PBXFileReference; includeInIndex = 1; lastKnownFileType = text.xcconfig; name = "Pods-ImageDownloaderUITests.release.xcconfig"; path = "Pods/Target Support Files/Pods-ImageDownloaderUITests/Pods-ImageDownloaderUITests.release.xcconfig"; sourceTree = "<group>"; };
		D3F9EBC1404CE181A1360375 /* Pods-ImageDownloader.debug.xcconfig */ = {isa = PBXFileReference; includeInIndex = 1; lastKnownFileType = text.xcconfig; name = "Pods-ImageDownloader.debug.xcconfig"; path = "Pods/Target Support Files/Pods-ImageDownloader/Pods-ImageDownloader.debug.xcconfig"; sourceTree = "<group>"; };
		ED93EA8FA6D0C6E7B17C19D1 /* Pods-ImageDownloaderUITests.debug.xcconfig */ = {isa = PBXFileReference; includeInIndex = 1; lastKnownFileType = text.xcconfig; name = "Pods-ImageDownloaderUITests.debug.xcconfig"; path = "Pods/Target Support Files/Pods-ImageDownloaderUITests/Pods-ImageDownloaderUITests.debug.xcconfig"; sourceTree = "<group>"; };
		F2D109BB2F67E45BA32861FF /* libPods-ImageDownloaderTests.a */ = {isa = PBXFileReference; explicitFileType = archive.ar; includeInIndex = 0; path = "libPods-ImageDownloaderTests.a"; sourceTree = BUILT_PRODUCTS_DIR; };
/* End PBXFileReference section */

/* Begin PBXFrameworksBuildPhase section */
		CF00F2221EB37C6900E1C3B1 /* Frameworks */ = {
			isa = PBXFrameworksBuildPhase;
			buildActionMask = 2147483647;
			files = (
				F1123E6EDA918CD2B3D2B5FA /* libPods-ImageDownloader.a in Frameworks */,
			);
			runOnlyForDeploymentPostprocessing = 0;
		};
		CF00F23E1EB37C6A00E1C3B1 /* Frameworks */ = {
			isa = PBXFrameworksBuildPhase;
			buildActionMask = 2147483647;
			files = (
				B7836CA901229E6F1ACF437B /* libPods-ImageDownloaderTests.a in Frameworks */,
			);
			runOnlyForDeploymentPostprocessing = 0;
		};
		CF00F2491EB37C6A00E1C3B1 /* Frameworks */ = {
			isa = PBXFrameworksBuildPhase;
			buildActionMask = 2147483647;
			files = (
				5408B004DF3484F2AE385D3C /* libPods-ImageDownloaderUITests.a in Frameworks */,
			);
			runOnlyForDeploymentPostprocessing = 0;
		};
/* End PBXFrameworksBuildPhase section */

/* Begin PBXGroup section */
		1B2033FC939BA2DC2BC5EC57 /* Frameworks */ = {
			isa = PBXGroup;
			children = (
				7A5257D873AAED567C7EF017 /* libPods-ImageDownloader.a */,
				F2D109BB2F67E45BA32861FF /* libPods-ImageDownloaderTests.a */,
				AF0BEA9A7B808350A448AD76 /* libPods-ImageDownloaderUITests.a */,
			);
			name = Frameworks;
			sourceTree = "<group>";
		};
		21250FD4BFE563F02520165F /* Pods */ = {
			isa = PBXGroup;
			children = (
				D3F9EBC1404CE181A1360375 /* Pods-ImageDownloader.debug.xcconfig */,
				7CEAD8EA4060CAC24D4604C6 /* Pods-ImageDownloader.release.xcconfig */,
				0CA904695D8CD8EFB36ABCBD /* Pods-ImageDownloaderTests.debug.xcconfig */,
				53A340A0DCF77033191519AB /* Pods-ImageDownloaderTests.release.xcconfig */,
				ED93EA8FA6D0C6E7B17C19D1 /* Pods-ImageDownloaderUITests.debug.xcconfig */,
				D0CF422289C2599DDC953EB9 /* Pods-ImageDownloaderUITests.release.xcconfig */,
			);
			name = Pods;
			sourceTree = "<group>";
		};
		CF00F21C1EB37C6900E1C3B1 = {
			isa = PBXGroup;
			children = (
				CF00F2271EB37C6900E1C3B1 /* ImageDownloader */,
				CF00F2441EB37C6A00E1C3B1 /* ImageDownloaderTests */,
				CF00F24F1EB37C6A00E1C3B1 /* ImageDownloaderUITests */,
				CF00F2261EB37C6900E1C3B1 /* Products */,
				21250FD4BFE563F02520165F /* Pods */,
				1B2033FC939BA2DC2BC5EC57 /* Frameworks */,
			);
			sourceTree = "<group>";
		};
		CF00F2261EB37C6900E1C3B1 /* Products */ = {
			isa = PBXGroup;
			children = (
				CF00F2251EB37C6900E1C3B1 /* ImageDownloader.app */,
				CF00F2411EB37C6A00E1C3B1 /* ImageDownloaderTests.xctest */,
				CF00F24C1EB37C6A00E1C3B1 /* ImageDownloaderUITests.xctest */,
			);
			name = Products;
			sourceTree = "<group>";
		};
		CF00F2271EB37C6900E1C3B1 /* ImageDownloader */ = {
			isa = PBXGroup;
			children = (
				CF219E721EB5953E00AB1471 /* ViewModels */,
				CF219E711EB5953000AB1471 /* ViewControllers */,
				CF219E6A1EB4F29C00AB1471 /* Utilities */,
				CFABFF501EB391E300551D78 /* Models */,
				CFABFF4C1EB3844D00551D78 /* Data */,
				CF00F22B1EB37C6900E1C3B1 /* AppDelegate.h */,
				CF00F22C1EB37C6900E1C3B1 /* AppDelegate.m */,
				CF00F22E1EB37C6900E1C3B1 /* ViewController.h */,
				CF00F22F1EB37C6900E1C3B1 /* ViewController.m */,
				CF00F2311EB37C6900E1C3B1 /* Main.storyboard */,
				CF00F2371EB37C6900E1C3B1 /* Assets.xcassets */,
				CF00F2391EB37C6900E1C3B1 /* LaunchScreen.storyboard */,
				CF00F23C1EB37C6900E1C3B1 /* Info.plist */,
				CF00F2341EB37C6900E1C3B1 /* ImageDownloader.xcdatamodeld */,
				CF00F2281EB37C6900E1C3B1 /* Supporting Files */,
			);
			path = ImageDownloader;
			sourceTree = "<group>";
		};
		CF00F2281EB37C6900E1C3B1 /* Supporting Files */ = {
			isa = PBXGroup;
			children = (
				CF00F2291EB37C6900E1C3B1 /* main.m */,
			);
			name = "Supporting Files";
			sourceTree = "<group>";
		};
		CF00F2441EB37C6A00E1C3B1 /* ImageDownloaderTests */ = {
			isa = PBXGroup;
			children = (
				CF00F2451EB37C6A00E1C3B1 /* ImageDownloaderTests.m */,
				CF00F2471EB37C6A00E1C3B1 /* Info.plist */,
			);
			path = ImageDownloaderTests;
			sourceTree = "<group>";
		};
		CF00F24F1EB37C6A00E1C3B1 /* ImageDownloaderUITests */ = {
			isa = PBXGroup;
			children = (
				CF00F2501EB37C6A00E1C3B1 /* ImageDownloaderUITests.m */,
				CF00F2521EB37C6A00E1C3B1 /* Info.plist */,
			);
			path = ImageDownloaderUITests;
			sourceTree = "<group>";
		};
		CF219E6A1EB4F29C00AB1471 /* Utilities */ = {
			isa = PBXGroup;
			children = (
				CF219E6E1EB4F48900AB1471 /* NSURLSession+Synchronous.h */,
				CF219E6F1EB4F48900AB1471 /* NSURLSession+Synchronous.m */,
			);
			name = Utilities;
			sourceTree = "<group>";
		};
		CF219E711EB5953000AB1471 /* ViewControllers */ = {
			isa = PBXGroup;
			children = (
			);
			name = ViewControllers;
			sourceTree = "<group>";
		};
		CF219E721EB5953E00AB1471 /* ViewModels */ = {
			isa = PBXGroup;
			children = (
			);
			name = ViewModels;
			sourceTree = "<group>";
		};
		CFABFF4C1EB3844D00551D78 /* Data */ = {
			isa = PBXGroup;
			children = (
				CFABFF4D1EB3848C00551D78 /* ImageManager.h */,
				CFABFF4E1EB3848C00551D78 /* ImageManager.m */,
				CF219E5B1EB3A4D700AB1471 /* ImageDownloader.h */,
				CF219E5C1EB3A4D700AB1471 /* ImageDownloader.m */,
				CF219E611EB49E5B00AB1471 /* ImageOperationQueue.h */,
				CF219E621EB49E5B00AB1471 /* ImageOperationQueue.m */,
				CF219E671EB4ABF200AB1471 /* ImageFolderOperation.h */,
				CF219E681EB4ABF200AB1471 /* ImageFolderOperation.m */,
			);
			name = Data;
			sourceTree = "<group>";
		};
		CFABFF501EB391E300551D78 /* Models */ = {
			isa = PBXGroup;
			children = (
				CF219E551EB3977900AB1471 /* ImageFolderModel.h */,
				CF219E561EB3977900AB1471 /* ImageFolderModel.m */,
				CF219E581EB39FF100AB1471 /* ImageModel.h */,
				CF219E591EB39FF100AB1471 /* ImageModel.m */,
			);
			name = Models;
			sourceTree = "<group>";
		};
/* End PBXGroup section */

/* Begin PBXNativeTarget section */
		CF00F2241EB37C6900E1C3B1 /* ImageDownloader */ = {
			isa = PBXNativeTarget;
			buildConfigurationList = CF00F2551EB37C6A00E1C3B1 /* Build configuration list for PBXNativeTarget "ImageDownloader" */;
			buildPhases = (
				FDF88C6AD04891DDBB41CEEC /* [CP] Check Pods Manifest.lock */,
				CF00F2211EB37C6900E1C3B1 /* Sources */,
				CF00F2221EB37C6900E1C3B1 /* Frameworks */,
				CF00F2231EB37C6900E1C3B1 /* Resources */,
				FD5D7EF73A20F5904A1D6502 /* [CP] Embed Pods Frameworks */,
				DAB9DF26489C5CDDE8591520 /* [CP] Copy Pods Resources */,
			);
			buildRules = (
			);
			dependencies = (
			);
			name = ImageDownloader;
			productName = ImageDownloader;
			productReference = CF00F2251EB37C6900E1C3B1 /* ImageDownloader.app */;
			productType = "com.apple.product-type.application";
		};
		CF00F2401EB37C6A00E1C3B1 /* ImageDownloaderTests */ = {
			isa = PBXNativeTarget;
			buildConfigurationList = CF00F2581EB37C6A00E1C3B1 /* Build configuration list for PBXNativeTarget "ImageDownloaderTests" */;
			buildPhases = (
				37FA9634EAADBF7EC072CB32 /* [CP] Check Pods Manifest.lock */,
				CF00F23D1EB37C6A00E1C3B1 /* Sources */,
				CF00F23E1EB37C6A00E1C3B1 /* Frameworks */,
				CF00F23F1EB37C6A00E1C3B1 /* Resources */,
				155CDB4A4B2C6EBFE57B97DB /* [CP] Embed Pods Frameworks */,
				3CF86BAEF0106AAA1050C23D /* [CP] Copy Pods Resources */,
			);
			buildRules = (
			);
			dependencies = (
				CF00F2431EB37C6A00E1C3B1 /* PBXTargetDependency */,
			);
			name = ImageDownloaderTests;
			productName = ImageDownloaderTests;
			productReference = CF00F2411EB37C6A00E1C3B1 /* ImageDownloaderTests.xctest */;
			productType = "com.apple.product-type.bundle.unit-test";
		};
		CF00F24B1EB37C6A00E1C3B1 /* ImageDownloaderUITests */ = {
			isa = PBXNativeTarget;
			buildConfigurationList = CF00F25B1EB37C6A00E1C3B1 /* Build configuration list for PBXNativeTarget "ImageDownloaderUITests" */;
			buildPhases = (
				5CC1DD32C124623C13BEF15B /* [CP] Check Pods Manifest.lock */,
				CF00F2481EB37C6A00E1C3B1 /* Sources */,
				CF00F2491EB37C6A00E1C3B1 /* Frameworks */,
				CF00F24A1EB37C6A00E1C3B1 /* Resources */,
				DBF10C1D1E5CC3A8009C8A7B /* [CP] Copy Pods Resources */,
			);
			buildRules = (
			);
			dependencies = (
				CF00F24E1EB37C6A00E1C3B1 /* PBXTargetDependency */,
			);
			name = ImageDownloaderUITests;
			productName = ImageDownloaderUITests;
			productReference = CF00F24C1EB37C6A00E1C3B1 /* ImageDownloaderUITests.xctest */;
			productType = "com.apple.product-type.bundle.ui-testing";
		};
/* End PBXNativeTarget section */

/* Begin PBXProject section */
		CF00F21D1EB37C6900E1C3B1 /* Project object */ = {
			isa = PBXProject;
			attributes = {
				LastUpgradeCheck = 0820;
				ORGANIZATIONNAME = "Nguyen Vu Khoi";
				TargetAttributes = {
					CF00F2241EB37C6900E1C3B1 = {
						CreatedOnToolsVersion = 8.2;
						DevelopmentTeam = WC64T22ANZ;
						ProvisioningStyle = Automatic;
					};
					CF00F2401EB37C6A00E1C3B1 = {
						CreatedOnToolsVersion = 8.2;
						DevelopmentTeam = WC64T22ANZ;
						ProvisioningStyle = Automatic;
						TestTargetID = CF00F2241EB37C6900E1C3B1;
					};
					CF00F24B1EB37C6A00E1C3B1 = {
						CreatedOnToolsVersion = 8.2;
						DevelopmentTeam = WC64T22ANZ;
						ProvisioningStyle = Automatic;
						TestTargetID = CF00F2241EB37C6900E1C3B1;
					};
				};
			};
			buildConfigurationList = CF00F2201EB37C6900E1C3B1 /* Build configuration list for PBXProject "ImageDownloader" */;
			compatibilityVersion = "Xcode 3.2";
			developmentRegion = English;
			hasScannedForEncodings = 0;
			knownRegions = (
				en,
				Base,
			);
			mainGroup = CF00F21C1EB37C6900E1C3B1;
			productRefGroup = CF00F2261EB37C6900E1C3B1 /* Products */;
			projectDirPath = "";
			projectRoot = "";
			targets = (
				CF00F2241EB37C6900E1C3B1 /* ImageDownloader */,
				CF00F2401EB37C6A00E1C3B1 /* ImageDownloaderTests */,
				CF00F24B1EB37C6A00E1C3B1 /* ImageDownloaderUITests */,
			);
		};
/* End PBXProject section */

/* Begin PBXResourcesBuildPhase section */
		CF00F2231EB37C6900E1C3B1 /* Resources */ = {
			isa = PBXResourcesBuildPhase;
			buildActionMask = 2147483647;
			files = (
				CF00F23B1EB37C6900E1C3B1 /* LaunchScreen.storyboard in Resources */,
				CF00F2381EB37C6900E1C3B1 /* Assets.xcassets in Resources */,
				CF00F2331EB37C6900E1C3B1 /* Main.storyboard in Resources */,
			);
			runOnlyForDeploymentPostprocessing = 0;
		};
		CF00F23F1EB37C6A00E1C3B1 /* Resources */ = {
			isa = PBXResourcesBuildPhase;
			buildActionMask = 2147483647;
			files = (
			);
			runOnlyForDeploymentPostprocessing = 0;
		};
		CF00F24A1EB37C6A00E1C3B1 /* Resources */ = {
			isa = PBXResourcesBuildPhase;
			buildActionMask = 2147483647;
			files = (
			);
			runOnlyForDeploymentPostprocessing = 0;
		};
/* End PBXResourcesBuildPhase section */

/* Begin PBXShellScriptBuildPhase section */
		155CDB4A4B2C6EBFE57B97DB /* [CP] Embed Pods Frameworks */ = {
			isa = PBXShellScriptBuildPhase;
			buildActionMask = 2147483647;
			files = (
			);
			inputPaths = (
			);
			name = "[CP] Embed Pods Frameworks";
			outputPaths = (
			);
			runOnlyForDeploymentPostprocessing = 0;
			shellPath = /bin/sh;
			shellScript = "\"${SRCROOT}/Pods/Target Support Files/Pods-ImageDownloaderTests/Pods-ImageDownloaderTests-frameworks.sh\"\n";
			showEnvVarsInLog = 0;
		};
		37FA9634EAADBF7EC072CB32 /* [CP] Check Pods Manifest.lock */ = {
			isa = PBXShellScriptBuildPhase;
			buildActionMask = 2147483647;
			files = (
			);
			inputPaths = (
			);
			name = "[CP] Check Pods Manifest.lock";
			outputPaths = (
			);
			runOnlyForDeploymentPostprocessing = 0;
			shellPath = /bin/sh;
			shellScript = "diff \"${PODS_ROOT}/../Podfile.lock\" \"${PODS_ROOT}/Manifest.lock\" > /dev/null\nif [[ $? != 0 ]] ; then\n    cat << EOM\nerror: The sandbox is not in sync with the Podfile.lock. Run 'pod install' or update your CocoaPods installation.\nEOM\n    exit 1\nfi\n";
			showEnvVarsInLog = 0;
		};
		3CF86BAEF0106AAA1050C23D /* [CP] Copy Pods Resources */ = {
			isa = PBXShellScriptBuildPhase;
			buildActionMask = 2147483647;
			files = (
			);
			inputPaths = (
			);
			name = "[CP] Copy Pods Resources";
			outputPaths = (
			);
			runOnlyForDeploymentPostprocessing = 0;
			shellPath = /bin/sh;
			shellScript = "\"${SRCROOT}/Pods/Target Support Files/Pods-ImageDownloaderTests/Pods-ImageDownloaderTests-resources.sh\"\n";
			showEnvVarsInLog = 0;
		};
		5CC1DD32C124623C13BEF15B /* [CP] Check Pods Manifest.lock */ = {
			isa = PBXShellScriptBuildPhase;
			buildActionMask = 2147483647;
			files = (
			);
			inputPaths = (
			);
			name = "[CP] Check Pods Manifest.lock";
			outputPaths = (
			);
			runOnlyForDeploymentPostprocessing = 0;
			shellPath = /bin/sh;
			shellScript = "diff \"${PODS_ROOT}/../Podfile.lock\" \"${PODS_ROOT}/Manifest.lock\" > /dev/null\nif [[ $? != 0 ]] ; then\n    cat << EOM\nerror: The sandbox is not in sync with the Podfile.lock. Run 'pod install' or update your CocoaPods installation.\nEOM\n    exit 1\nfi\n";
			showEnvVarsInLog = 0;
		};
		DAB9DF26489C5CDDE8591520 /* [CP] Copy Pods Resources */ = {
			isa = PBXShellScriptBuildPhase;
			buildActionMask = 2147483647;
			files = (
			);
			inputPaths = (
			);
			name = "[CP] Copy Pods Resources";
			outputPaths = (
			);
			runOnlyForDeploymentPostprocessing = 0;
			shellPath = /bin/sh;
			shellScript = "\"${SRCROOT}/Pods/Target Support Files/Pods-ImageDownloader/Pods-ImageDownloader-resources.sh\"\n";
			showEnvVarsInLog = 0;
		};
		DBF10C1D1E5CC3A8009C8A7B /* [CP] Copy Pods Resources */ = {
			isa = PBXShellScriptBuildPhase;
			buildActionMask = 2147483647;
			files = (
			);
			inputPaths = (
			);
			name = "[CP] Copy Pods Resources";
			outputPaths = (
			);
			runOnlyForDeploymentPostprocessing = 0;
			shellPath = /bin/sh;
			shellScript = "\"${SRCROOT}/Pods/Target Support Files/Pods-ImageDownloaderUITests/Pods-ImageDownloaderUITests-resources.sh\"\n";
			showEnvVarsInLog = 0;
		};
		FD5D7EF73A20F5904A1D6502 /* [CP] Embed Pods Frameworks */ = {
			isa = PBXShellScriptBuildPhase;
			buildActionMask = 2147483647;
			files = (
			);
			inputPaths = (
			);
			name = "[CP] Embed Pods Frameworks";
			outputPaths = (
			);
			runOnlyForDeploymentPostprocessing = 0;
			shellPath = /bin/sh;
			shellScript = "\"${SRCROOT}/Pods/Target Support Files/Pods-ImageDownloader/Pods-ImageDownloader-frameworks.sh\"\n";
			showEnvVarsInLog = 0;
		};
		FDF88C6AD04891DDBB41CEEC /* [CP] Check Pods Manifest.lock */ = {
			isa = PBXShellScriptBuildPhase;
			buildActionMask = 2147483647;
			files = (
			);
			inputPaths = (
			);
			name = "[CP] Check Pods Manifest.lock";
			outputPaths = (
			);
			runOnlyForDeploymentPostprocessing = 0;
			shellPath = /bin/sh;
			shellScript = "diff \"${PODS_ROOT}/../Podfile.lock\" \"${PODS_ROOT}/Manifest.lock\" > /dev/null\nif [[ $? != 0 ]] ; then\n    cat << EOM\nerror: The sandbox is not in sync with the Podfile.lock. Run 'pod install' or update your CocoaPods installation.\nEOM\n    exit 1\nfi\n";
			showEnvVarsInLog = 0;
		};
/* End PBXShellScriptBuildPhase section */

/* Begin PBXSourcesBuildPhase section */
		CF00F2211EB37C6900E1C3B1 /* Sources */ = {
			isa = PBXSourcesBuildPhase;
			buildActionMask = 2147483647;
			files = (
				CF00F2301EB37C6900E1C3B1 /* ViewController.m in Sources */,
				CF219E701EB4F48900AB1471 /* NSURLSession+Synchronous.m in Sources */,
				CF219E631EB49E5B00AB1471 /* ImageOperationQueue.m in Sources */,
				CF00F22D1EB37C6900E1C3B1 /* AppDelegate.m in Sources */,
				CF219E5A1EB39FF100AB1471 /* ImageModel.m in Sources */,
				CF00F2361EB37C6900E1C3B1 /* ImageDownloader.xcdatamodeld in Sources */,
				CF00F22A1EB37C6900E1C3B1 /* main.m in Sources */,
				CFABFF4F1EB3848C00551D78 /* ImageManager.m in Sources */,
				CF219E571EB3977900AB1471 /* ImageFolderModel.m in Sources */,
				CF219E5D1EB3A4D700AB1471 /* ImageDownloader.m in Sources */,
				CF219E691EB4ABF200AB1471 /* ImageFolderOperation.m in Sources */,
			);
			runOnlyForDeploymentPostprocessing = 0;
		};
		CF00F23D1EB37C6A00E1C3B1 /* Sources */ = {
			isa = PBXSourcesBuildPhase;
			buildActionMask = 2147483647;
			files = (
				CF00F2461EB37C6A00E1C3B1 /* ImageDownloaderTests.m in Sources */,
			);
			runOnlyForDeploymentPostprocessing = 0;
		};
		CF00F2481EB37C6A00E1C3B1 /* Sources */ = {
			isa = PBXSourcesBuildPhase;
			buildActionMask = 2147483647;
			files = (
				CF00F2511EB37C6A00E1C3B1 /* ImageDownloaderUITests.m in Sources */,
			);
			runOnlyForDeploymentPostprocessing = 0;
		};
/* End PBXSourcesBuildPhase section */

/* Begin PBXTargetDependency section */
		CF00F2431EB37C6A00E1C3B1 /* PBXTargetDependency */ = {
			isa = PBXTargetDependency;
			target = CF00F2241EB37C6900E1C3B1 /* ImageDownloader */;
			targetProxy = CF00F2421EB37C6A00E1C3B1 /* PBXContainerItemProxy */;
		};
		CF00F24E1EB37C6A00E1C3B1 /* PBXTargetDependency */ = {
			isa = PBXTargetDependency;
			target = CF00F2241EB37C6900E1C3B1 /* ImageDownloader */;
			targetProxy = CF00F24D1EB37C6A00E1C3B1 /* PBXContainerItemProxy */;
		};
/* End PBXTargetDependency section */

/* Begin PBXVariantGroup section */
		CF00F2311EB37C6900E1C3B1 /* Main.storyboard */ = {
			isa = PBXVariantGroup;
			children = (
				CF00F2321EB37C6900E1C3B1 /* Base */,
			);
			name = Main.storyboard;
			sourceTree = "<group>";
		};
		CF00F2391EB37C6900E1C3B1 /* LaunchScreen.storyboard */ = {
			isa = PBXVariantGroup;
			children = (
				CF00F23A1EB37C6900E1C3B1 /* Base */,
			);
			name = LaunchScreen.storyboard;
			sourceTree = "<group>";
		};
/* End PBXVariantGroup section */

/* Begin XCBuildConfiguration section */
		CF00F2531EB37C6A00E1C3B1 /* Debug */ = {
			isa = XCBuildConfiguration;
			buildSettings = {
				ALWAYS_SEARCH_USER_PATHS = NO;
				CLANG_ANALYZER_NONNULL = YES;
				CLANG_CXX_LANGUAGE_STANDARD = "gnu++0x";
				CLANG_CXX_LIBRARY = "libc++";
				CLANG_ENABLE_MODULES = YES;
				CLANG_ENABLE_OBJC_ARC = YES;
				CLANG_WARN_BOOL_CONVERSION = YES;
				CLANG_WARN_CONSTANT_CONVERSION = YES;
				CLANG_WARN_DIRECT_OBJC_ISA_USAGE = YES_ERROR;
				CLANG_WARN_DOCUMENTATION_COMMENTS = YES;
				CLANG_WARN_EMPTY_BODY = YES;
				CLANG_WARN_ENUM_CONVERSION = YES;
				CLANG_WARN_INFINITE_RECURSION = YES;
				CLANG_WARN_INT_CONVERSION = YES;
				CLANG_WARN_OBJC_ROOT_CLASS = YES_ERROR;
				CLANG_WARN_SUSPICIOUS_MOVE = YES;
				CLANG_WARN_UNREACHABLE_CODE = YES;
				CLANG_WARN__DUPLICATE_METHOD_MATCH = YES;
				"CODE_SIGN_IDENTITY[sdk=iphoneos*]" = "iPhone Developer";
				COPY_PHASE_STRIP = NO;
				DEBUG_INFORMATION_FORMAT = dwarf;
				ENABLE_STRICT_OBJC_MSGSEND = YES;
				ENABLE_TESTABILITY = YES;
				GCC_C_LANGUAGE_STANDARD = gnu99;
				GCC_DYNAMIC_NO_PIC = NO;
				GCC_NO_COMMON_BLOCKS = YES;
				GCC_OPTIMIZATION_LEVEL = 0;
				GCC_PREPROCESSOR_DEFINITIONS = (
					"DEBUG=1",
					"$(inherited)",
				);
				GCC_WARN_64_TO_32_BIT_CONVERSION = YES;
				GCC_WARN_ABOUT_RETURN_TYPE = YES_ERROR;
				GCC_WARN_UNDECLARED_SELECTOR = YES;
				GCC_WARN_UNINITIALIZED_AUTOS = YES_AGGRESSIVE;
				GCC_WARN_UNUSED_FUNCTION = YES;
				GCC_WARN_UNUSED_VARIABLE = YES;
				IPHONEOS_DEPLOYMENT_TARGET = 10.2;
				MTL_ENABLE_DEBUG_INFO = YES;
				ONLY_ACTIVE_ARCH = YES;
				SDKROOT = iphoneos;
			};
			name = Debug;
		};
		CF00F2541EB37C6A00E1C3B1 /* Release */ = {
			isa = XCBuildConfiguration;
			buildSettings = {
				ALWAYS_SEARCH_USER_PATHS = NO;
				CLANG_ANALYZER_NONNULL = YES;
				CLANG_CXX_LANGUAGE_STANDARD = "gnu++0x";
				CLANG_CXX_LIBRARY = "libc++";
				CLANG_ENABLE_MODULES = YES;
				CLANG_ENABLE_OBJC_ARC = YES;
				CLANG_WARN_BOOL_CONVERSION = YES;
				CLANG_WARN_CONSTANT_CONVERSION = YES;
				CLANG_WARN_DIRECT_OBJC_ISA_USAGE = YES_ERROR;
				CLANG_WARN_DOCUMENTATION_COMMENTS = YES;
				CLANG_WARN_EMPTY_BODY = YES;
				CLANG_WARN_ENUM_CONVERSION = YES;
				CLANG_WARN_INFINITE_RECURSION = YES;
				CLANG_WARN_INT_CONVERSION = YES;
				CLANG_WARN_OBJC_ROOT_CLASS = YES_ERROR;
				CLANG_WARN_SUSPICIOUS_MOVE = YES;
				CLANG_WARN_UNREACHABLE_CODE = YES;
				CLANG_WARN__DUPLICATE_METHOD_MATCH = YES;
				"CODE_SIGN_IDENTITY[sdk=iphoneos*]" = "iPhone Developer";
				COPY_PHASE_STRIP = NO;
				DEBUG_INFORMATION_FORMAT = "dwarf-with-dsym";
				ENABLE_NS_ASSERTIONS = NO;
				ENABLE_STRICT_OBJC_MSGSEND = YES;
				GCC_C_LANGUAGE_STANDARD = gnu99;
				GCC_NO_COMMON_BLOCKS = YES;
				GCC_WARN_64_TO_32_BIT_CONVERSION = YES;
				GCC_WARN_ABOUT_RETURN_TYPE = YES_ERROR;
				GCC_WARN_UNDECLARED_SELECTOR = YES;
				GCC_WARN_UNINITIALIZED_AUTOS = YES_AGGRESSIVE;
				GCC_WARN_UNUSED_FUNCTION = YES;
				GCC_WARN_UNUSED_VARIABLE = YES;
				IPHONEOS_DEPLOYMENT_TARGET = 10.2;
				MTL_ENABLE_DEBUG_INFO = NO;
				SDKROOT = iphoneos;
				VALIDATE_PRODUCT = YES;
			};
			name = Release;
		};
		CF00F2561EB37C6A00E1C3B1 /* Debug */ = {
			isa = XCBuildConfiguration;
			baseConfigurationReference = D3F9EBC1404CE181A1360375 /* Pods-ImageDownloader.debug.xcconfig */;
			buildSettings = {
				ASSETCATALOG_COMPILER_APPICON_NAME = AppIcon;
				DEVELOPMENT_TEAM = WC64T22ANZ;
				INFOPLIST_FILE = ImageDownloader/Info.plist;
				IPHONEOS_DEPLOYMENT_TARGET = 8.0;
				LD_RUNPATH_SEARCH_PATHS = "$(inherited) @executable_path/Frameworks";
				PRODUCT_BUNDLE_IDENTIFIER = com.misfit.ImageDownloader;
				PRODUCT_NAME = "$(TARGET_NAME)";
			};
			name = Debug;
		};
		CF00F2571EB37C6A00E1C3B1 /* Release */ = {
			isa = XCBuildConfiguration;
			baseConfigurationReference = 7CEAD8EA4060CAC24D4604C6 /* Pods-ImageDownloader.release.xcconfig */;
			buildSettings = {
				ASSETCATALOG_COMPILER_APPICON_NAME = AppIcon;
				DEVELOPMENT_TEAM = WC64T22ANZ;
				INFOPLIST_FILE = ImageDownloader/Info.plist;
				IPHONEOS_DEPLOYMENT_TARGET = 8.0;
				LD_RUNPATH_SEARCH_PATHS = "$(inherited) @executable_path/Frameworks";
				PRODUCT_BUNDLE_IDENTIFIER = com.misfit.ImageDownloader;
				PRODUCT_NAME = "$(TARGET_NAME)";
			};
			name = Release;
		};
		CF00F2591EB37C6A00E1C3B1 /* Debug */ = {
			isa = XCBuildConfiguration;
			baseConfigurationReference = 0CA904695D8CD8EFB36ABCBD /* Pods-ImageDownloaderTests.debug.xcconfig */;
			buildSettings = {
				BUNDLE_LOADER = "$(TEST_HOST)";
				DEVELOPMENT_TEAM = WC64T22ANZ;
				INFOPLIST_FILE = ImageDownloaderTests/Info.plist;
				LD_RUNPATH_SEARCH_PATHS = "$(inherited) @executable_path/Frameworks @loader_path/Frameworks";
				PRODUCT_BUNDLE_IDENTIFIER = com.misfit.ImageDownloaderTests;
				PRODUCT_NAME = "$(TARGET_NAME)";
				TEST_HOST = "$(BUILT_PRODUCTS_DIR)/ImageDownloader.app/ImageDownloader";
			};
			name = Debug;
		};
		CF00F25A1EB37C6A00E1C3B1 /* Release */ = {
			isa = XCBuildConfiguration;
			baseConfigurationReference = 53A340A0DCF77033191519AB /* Pods-ImageDownloaderTests.release.xcconfig */;
			buildSettings = {
				BUNDLE_LOADER = "$(TEST_HOST)";
				DEVELOPMENT_TEAM = WC64T22ANZ;
				INFOPLIST_FILE = ImageDownloaderTests/Info.plist;
				LD_RUNPATH_SEARCH_PATHS = "$(inherited) @executable_path/Frameworks @loader_path/Frameworks";
				PRODUCT_BUNDLE_IDENTIFIER = com.misfit.ImageDownloaderTests;
				PRODUCT_NAME = "$(TARGET_NAME)";
				TEST_HOST = "$(BUILT_PRODUCTS_DIR)/ImageDownloader.app/ImageDownloader";
			};
			name = Release;
		};
		CF00F25C1EB37C6A00E1C3B1 /* Debug */ = {
			isa = XCBuildConfiguration;
			baseConfigurationReference = ED93EA8FA6D0C6E7B17C19D1 /* Pods-ImageDownloaderUITests.debug.xcconfig */;
			buildSettings = {
				DEVELOPMENT_TEAM = WC64T22ANZ;
				INFOPLIST_FILE = ImageDownloaderUITests/Info.plist;
				LD_RUNPATH_SEARCH_PATHS = "$(inherited) @executable_path/Frameworks @loader_path/Frameworks";
				PRODUCT_BUNDLE_IDENTIFIER = com.misfit.ImageDownloaderUITests;
				PRODUCT_NAME = "$(TARGET_NAME)";
				TEST_TARGET_NAME = ImageDownloader;
			};
			name = Debug;
		};
		CF00F25D1EB37C6A00E1C3B1 /* Release */ = {
			isa = XCBuildConfiguration;
			baseConfigurationReference = D0CF422289C2599DDC953EB9 /* Pods-ImageDownloaderUITests.release.xcconfig */;
			buildSettings = {
				DEVELOPMENT_TEAM = WC64T22ANZ;
				INFOPLIST_FILE = ImageDownloaderUITests/Info.plist;
				LD_RUNPATH_SEARCH_PATHS = "$(inherited) @executable_path/Frameworks @loader_path/Frameworks";
				PRODUCT_BUNDLE_IDENTIFIER = com.misfit.ImageDownloaderUITests;
				PRODUCT_NAME = "$(TARGET_NAME)";
				TEST_TARGET_NAME = ImageDownloader;
			};
			name = Release;
		};
/* End XCBuildConfiguration section */

/* Begin XCConfigurationList section */
		CF00F2201EB37C6900E1C3B1 /* Build configuration list for PBXProject "ImageDownloader" */ = {
			isa = XCConfigurationList;
			buildConfigurations = (
				CF00F2531EB37C6A00E1C3B1 /* Debug */,
				CF00F2541EB37C6A00E1C3B1 /* Release */,
			);
			defaultConfigurationIsVisible = 0;
			defaultConfigurationName = Release;
		};
		CF00F2551EB37C6A00E1C3B1 /* Build configuration list for PBXNativeTarget "ImageDownloader" */ = {
			isa = XCConfigurationList;
			buildConfigurations = (
				CF00F2561EB37C6A00E1C3B1 /* Debug */,
				CF00F2571EB37C6A00E1C3B1 /* Release */,
			);
			defaultConfigurationIsVisible = 0;
			defaultConfigurationName = Release;
		};
		CF00F2581EB37C6A00E1C3B1 /* Build configuration list for PBXNativeTarget "ImageDownloaderTests" */ = {
			isa = XCConfigurationList;
			buildConfigurations = (
				CF00F2591EB37C6A00E1C3B1 /* Debug */,
				CF00F25A1EB37C6A00E1C3B1 /* Release */,
			);
			defaultConfigurationIsVisible = 0;
			defaultConfigurationName = Release;
		};
		CF00F25B1EB37C6A00E1C3B1 /* Build configuration list for PBXNativeTarget "ImageDownloaderUITests" */ = {
			isa = XCConfigurationList;
			buildConfigurations = (
				CF00F25C1EB37C6A00E1C3B1 /* Debug */,
				CF00F25D1EB37C6A00E1C3B1 /* Release */,
			);
			defaultConfigurationIsVisible = 0;
			defaultConfigurationName = Release;
		};
/* End XCConfigurationList section */

/* Begin XCVersionGroup section */
		CF00F2341EB37C6900E1C3B1 /* ImageDownloader.xcdatamodeld */ = {
			isa = XCVersionGroup;
			children = (
				CF00F2351EB37C6900E1C3B1 /* ImageDownloader.xcdatamodel */,
			);
			currentVersion = CF00F2351EB37C6900E1C3B1 /* ImageDownloader.xcdatamodel */;
			path = ImageDownloader.xcdatamodeld;
			sourceTree = "<group>";
			versionGroupType = wrapper.xcdatamodel;
		};
/* End XCVersionGroup section */
	};
	rootObject = CF00F21D1EB37C6900E1C3B1 /* Project object */;
}
